// !$*UTF8*$!
{
	archiveVersion = 1;
	classes = {
	};
	objectVersion = 51;
	objects = {

/* Begin PBXBuildFile section */
		0EC887B1C558B23F600E912F /* Pods_orderjer.framework in Frameworks */ = {isa = PBXBuildFile; fileRef = DC52DFDBCA3E21EA769E12E6 /* Pods_orderjer.framework */; };
		4E0EB37823307C6100FCEF10 /* System.swift in Sources */ = {isa = PBXBuildFile; fileRef = 4E0EB37723307C6100FCEF10 /* System.swift */; };
		4E0EB3862330C97D00FCEF10 /* TextFieldExtensions.swift in Sources */ = {isa = PBXBuildFile; fileRef = 4E0EB3852330C97D00FCEF10 /* TextFieldExtensions.swift */; };
		4E0EB3882330D03700FCEF10 /* CollectionViewCell.swift in Sources */ = {isa = PBXBuildFile; fileRef = 4E0EB3872330D03700FCEF10 /* CollectionViewCell.swift */; };
		4E6A9477233489DA00017E3C /* MealOptionsTableViewCell.swift in Sources */ = {isa = PBXBuildFile; fileRef = 4E6A9476233489DA00017E3C /* MealOptionsTableViewCell.swift */; };
		4E79EAA823323FB0009505BD /* ImageViewExtension.swift in Sources */ = {isa = PBXBuildFile; fileRef = 4E79EAA723323FB0009505BD /* ImageViewExtension.swift */; };
		4E93E0622334AB3200C7A818 /* OrderSummaryViewController.swift in Sources */ = {isa = PBXBuildFile; fileRef = 4E93E0612334AB3200C7A818 /* OrderSummaryViewController.swift */; };
		4EB7219C233317990002AB65 /* MealTableViewCell.swift in Sources */ = {isa = PBXBuildFile; fileRef = 4EB7219B233317990002AB65 /* MealTableViewCell.swift */; };
		4EB7219E23331B350002AB65 /* Meal.swift in Sources */ = {isa = PBXBuildFile; fileRef = 4EB7219D23331B350002AB65 /* Meal.swift */; };
		4ED717AB233362F400387731 /* MealViewController.swift in Sources */ = {isa = PBXBuildFile; fileRef = 4ED717AA233362F400387731 /* MealViewController.swift */; };
		4EE18CBD2331CF6300B8F211 /* MenuViewController.swift in Sources */ = {isa = PBXBuildFile; fileRef = 4EE18CBC2331CF6300B8F211 /* MenuViewController.swift */; };
		4EE5F182233B1DAF00101FD8 /* OrderSummaryTableViewCell.swift in Sources */ = {isa = PBXBuildFile; fileRef = 4EE5F181233B1DAF00101FD8 /* OrderSummaryTableViewCell.swift */; };
		4EE6D4C2233B3B3C0083E357 /* SelectedMeals.swift in Sources */ = {isa = PBXBuildFile; fileRef = 4EE6D4C1233B3B3C0083E357 /* SelectedMeals.swift */; };
		4EEF50E32330EAA00036B6EF /* ShopsCollectionViewCell.swift in Sources */ = {isa = PBXBuildFile; fileRef = 4EEF50E22330EAA00036B6EF /* ShopsCollectionViewCell.swift */; };
		4EEF632523432CE8008FF2B2 /* data.json in Resources */ = {isa = PBXBuildFile; fileRef = 4EEF632423432CE8008FF2B2 /* data.json */; };
		4EF0851B233CA7B300E8CE09 /* SearchViewController.swift in Sources */ = {isa = PBXBuildFile; fileRef = 4EF0851A233CA7B300E8CE09 /* SearchViewController.swift */; };
		4EF2CD502334C0E100CFCC56 /* LoginModalView.swift in Sources */ = {isa = PBXBuildFile; fileRef = 4EF2CD4F2334C0E100CFCC56 /* LoginModalView.swift */; };
		4EF2CD522334C26000CFCC56 /* LoginViewController.swift in Sources */ = {isa = PBXBuildFile; fileRef = 4EF2CD512334C26000CFCC56 /* LoginViewController.swift */; };
		4EF3FCEA2346FCC600E45354 /* SearchTableViewCell.swift in Sources */ = {isa = PBXBuildFile; fileRef = 4EF3FCE92346FCC600E45354 /* SearchTableViewCell.swift */; };
		C208917D4A4A17698A8818EF /* Pods_orderjerTests.framework in Frameworks */ = {isa = PBXBuildFile; fileRef = E31499BA5216DF0CAE2CBBEE /* Pods_orderjerTests.framework */; };
		DD6D59B8233F039000DA70C3 /* Shop.swift in Sources */ = {isa = PBXBuildFile; fileRef = DD6D59B7233F039000DA70C3 /* Shop.swift */; };
		DD6D59BC233F04A500DA70C3 /* GoogleService-Info.plist in Resources */ = {isa = PBXBuildFile; fileRef = DD6D59BB233F04A500DA70C3 /* GoogleService-Info.plist */; };
		DD6D59BE233F263200DA70C3 /* OptMeals.swift in Sources */ = {isa = PBXBuildFile; fileRef = DD6D59BD233F263200DA70C3 /* OptMeals.swift */; };
		DD6D59C1233F2A8700DA70C3 /* OptDrinks.swift in Sources */ = {isa = PBXBuildFile; fileRef = DD6D59C0233F2A8700DA70C3 /* OptDrinks.swift */; };
		DD9744322335DCB5004E491F /* RegisterViewController.swift in Sources */ = {isa = PBXBuildFile; fileRef = DD9744312335DCB5004E491F /* RegisterViewController.swift */; };
		DD9744342335E128004E491F /* SuccessViewController.swift in Sources */ = {isa = PBXBuildFile; fileRef = DD9744332335E128004E491F /* SuccessViewController.swift */; };
		DDDACFDB232CCE1100AA5E10 /* AppDelegate.swift in Sources */ = {isa = PBXBuildFile; fileRef = DDDACFDA232CCE1100AA5E10 /* AppDelegate.swift */; };
		DDDACFDD232CCE1100AA5E10 /* ViewController.swift in Sources */ = {isa = PBXBuildFile; fileRef = DDDACFDC232CCE1100AA5E10 /* ViewController.swift */; };
		DDDACFE0232CCE1100AA5E10 /* Main.storyboard in Resources */ = {isa = PBXBuildFile; fileRef = DDDACFDE232CCE1100AA5E10 /* Main.storyboard */; };
		DDDACFE2232CCE1300AA5E10 /* Assets.xcassets in Resources */ = {isa = PBXBuildFile; fileRef = DDDACFE1232CCE1300AA5E10 /* Assets.xcassets */; };
		DDDACFE5232CCE1300AA5E10 /* LaunchScreen.storyboard in Resources */ = {isa = PBXBuildFile; fileRef = DDDACFE3232CCE1300AA5E10 /* LaunchScreen.storyboard */; };
		DDDACFF0232CCE1300AA5E10 /* orderjerTests.swift in Sources */ = {isa = PBXBuildFile; fileRef = DDDACFEF232CCE1300AA5E10 /* orderjerTests.swift */; };
		DDDACFFB232CCE1300AA5E10 /* orderjerUITests.swift in Sources */ = {isa = PBXBuildFile; fileRef = DDDACFFA232CCE1300AA5E10 /* orderjerUITests.swift */; };
		F5D0BA8BF98E8638C204252F /* Pods_orderjerUITests.framework in Frameworks */ = {isa = PBXBuildFile; fileRef = 0847EB7A5FEFD4F6CA60E64D /* Pods_orderjerUITests.framework */; };
/* End PBXBuildFile section */

/* Begin PBXContainerItemProxy section */
		DDDACFEC232CCE1300AA5E10 /* PBXContainerItemProxy */ = {
			isa = PBXContainerItemProxy;
			containerPortal = DDDACFCF232CCE1100AA5E10 /* Project object */;
			proxyType = 1;
			remoteGlobalIDString = DDDACFD6232CCE1100AA5E10;
			remoteInfo = orderjer;
		};
		DDDACFF7232CCE1300AA5E10 /* PBXContainerItemProxy */ = {
			isa = PBXContainerItemProxy;
			containerPortal = DDDACFCF232CCE1100AA5E10 /* Project object */;
			proxyType = 1;
			remoteGlobalIDString = DDDACFD6232CCE1100AA5E10;
			remoteInfo = orderjer;
		};
/* End PBXContainerItemProxy section */

/* Begin PBXFileReference section */
		0847EB7A5FEFD4F6CA60E64D /* Pods_orderjerUITests.framework */ = {isa = PBXFileReference; explicitFileType = wrapper.framework; includeInIndex = 0; path = Pods_orderjerUITests.framework; sourceTree = BUILT_PRODUCTS_DIR; };
		16F1C9371E5FC466E2C4C895 /* Pods-orderjer.release.xcconfig */ = {isa = PBXFileReference; includeInIndex = 1; lastKnownFileType = text.xcconfig; name = "Pods-orderjer.release.xcconfig"; path = "Target Support Files/Pods-orderjer/Pods-orderjer.release.xcconfig"; sourceTree = "<group>"; };
		4E0EB37723307C6100FCEF10 /* System.swift */ = {isa = PBXFileReference; lastKnownFileType = sourcecode.swift; path = System.swift; sourceTree = "<group>"; };
		4E0EB3852330C97D00FCEF10 /* TextFieldExtensions.swift */ = {isa = PBXFileReference; lastKnownFileType = sourcecode.swift; path = TextFieldExtensions.swift; sourceTree = "<group>"; };
		4E0EB3872330D03700FCEF10 /* CollectionViewCell.swift */ = {isa = PBXFileReference; lastKnownFileType = sourcecode.swift; path = CollectionViewCell.swift; sourceTree = "<group>"; };
		4E6A9476233489DA00017E3C /* MealOptionsTableViewCell.swift */ = {isa = PBXFileReference; lastKnownFileType = sourcecode.swift; path = MealOptionsTableViewCell.swift; sourceTree = "<group>"; };
		4E79EAA723323FB0009505BD /* ImageViewExtension.swift */ = {isa = PBXFileReference; lastKnownFileType = sourcecode.swift; path = ImageViewExtension.swift; sourceTree = "<group>"; };
		4E93E0612334AB3200C7A818 /* OrderSummaryViewController.swift */ = {isa = PBXFileReference; lastKnownFileType = sourcecode.swift; path = OrderSummaryViewController.swift; sourceTree = "<group>"; };
		4EB7219B233317990002AB65 /* MealTableViewCell.swift */ = {isa = PBXFileReference; lastKnownFileType = sourcecode.swift; path = MealTableViewCell.swift; sourceTree = "<group>"; };
		4EB7219D23331B350002AB65 /* Meal.swift */ = {isa = PBXFileReference; lastKnownFileType = sourcecode.swift; path = Meal.swift; sourceTree = "<group>"; };
		4ED717AA233362F400387731 /* MealViewController.swift */ = {isa = PBXFileReference; lastKnownFileType = sourcecode.swift; path = MealViewController.swift; sourceTree = "<group>"; };
		4EE18CBC2331CF6300B8F211 /* MenuViewController.swift */ = {isa = PBXFileReference; lastKnownFileType = sourcecode.swift; path = MenuViewController.swift; sourceTree = "<group>"; };
		4EE5F181233B1DAF00101FD8 /* OrderSummaryTableViewCell.swift */ = {isa = PBXFileReference; lastKnownFileType = sourcecode.swift; path = OrderSummaryTableViewCell.swift; sourceTree = "<group>"; };
		4EE6D4C1233B3B3C0083E357 /* SelectedMeals.swift */ = {isa = PBXFileReference; lastKnownFileType = sourcecode.swift; path = SelectedMeals.swift; sourceTree = "<group>"; };
		4EEF50E22330EAA00036B6EF /* ShopsCollectionViewCell.swift */ = {isa = PBXFileReference; lastKnownFileType = sourcecode.swift; path = ShopsCollectionViewCell.swift; sourceTree = "<group>"; };
		4EEF632423432CE8008FF2B2 /* data.json */ = {isa = PBXFileReference; fileEncoding = 4; lastKnownFileType = text.json; name = data.json; path = ../../../../Downloads/data.json; sourceTree = "<group>"; };
		4EF0851A233CA7B300E8CE09 /* SearchViewController.swift */ = {isa = PBXFileReference; lastKnownFileType = sourcecode.swift; path = SearchViewController.swift; sourceTree = "<group>"; };
		4EF2CD4F2334C0E100CFCC56 /* LoginModalView.swift */ = {isa = PBXFileReference; lastKnownFileType = sourcecode.swift; path = LoginModalView.swift; sourceTree = "<group>"; };
		4EF2CD512334C26000CFCC56 /* LoginViewController.swift */ = {isa = PBXFileReference; lastKnownFileType = sourcecode.swift; path = LoginViewController.swift; sourceTree = "<group>"; };
		4EF3FCE92346FCC600E45354 /* SearchTableViewCell.swift */ = {isa = PBXFileReference; lastKnownFileType = sourcecode.swift; name = SearchTableViewCell.swift; path = /Users/izzaty/Documents/2509/orderjer/orderjer/searchPage/SearchTableViewCell.swift; sourceTree = "<absolute>"; };
		51B0957FD096FA3D743C16F2 /* Pods-orderjer.debug.xcconfig */ = {isa = PBXFileReference; includeInIndex = 1; lastKnownFileType = text.xcconfig; name = "Pods-orderjer.debug.xcconfig"; path = "Target Support Files/Pods-orderjer/Pods-orderjer.debug.xcconfig"; sourceTree = "<group>"; };
		6CE20A292C6B9514CFEE0F9E /* Pods-orderjerUITests.debug.xcconfig */ = {isa = PBXFileReference; includeInIndex = 1; lastKnownFileType = text.xcconfig; name = "Pods-orderjerUITests.debug.xcconfig"; path = "Target Support Files/Pods-orderjerUITests/Pods-orderjerUITests.debug.xcconfig"; sourceTree = "<group>"; };
		886F2DA7E942E1E3FFC4462C /* Pods-orderjerTests.debug.xcconfig */ = {isa = PBXFileReference; includeInIndex = 1; lastKnownFileType = text.xcconfig; name = "Pods-orderjerTests.debug.xcconfig"; path = "Target Support Files/Pods-orderjerTests/Pods-orderjerTests.debug.xcconfig"; sourceTree = "<group>"; };
		8C8ACF381BCCBA0B53312A41 /* Pods-orderjerTests.release.xcconfig */ = {isa = PBXFileReference; includeInIndex = 1; lastKnownFileType = text.xcconfig; name = "Pods-orderjerTests.release.xcconfig"; path = "Target Support Files/Pods-orderjerTests/Pods-orderjerTests.release.xcconfig"; sourceTree = "<group>"; };
		ABB9349BB4AAB4AA57330A05 /* Pods-orderjerUITests.release.xcconfig */ = {isa = PBXFileReference; includeInIndex = 1; lastKnownFileType = text.xcconfig; name = "Pods-orderjerUITests.release.xcconfig"; path = "Target Support Files/Pods-orderjerUITests/Pods-orderjerUITests.release.xcconfig"; sourceTree = "<group>"; };
		C039A02C23375250005680C3 /* NVActivityIndicatorView */ = {isa = PBXFileReference; lastKnownFileType = folder; name = NVActivityIndicatorView; path = Pods/NVActivityIndicatorView; sourceTree = "<group>"; };
		DC52DFDBCA3E21EA769E12E6 /* Pods_orderjer.framework */ = {isa = PBXFileReference; explicitFileType = wrapper.framework; includeInIndex = 0; path = Pods_orderjer.framework; sourceTree = BUILT_PRODUCTS_DIR; };
		DD6D59B7233F039000DA70C3 /* Shop.swift */ = {isa = PBXFileReference; lastKnownFileType = sourcecode.swift; path = Shop.swift; sourceTree = "<group>"; };
		DD6D59B9233F048000DA70C3 /* GoogleService-Info.plist */ = {isa = PBXFileReference; lastKnownFileType = text.plist; name = "GoogleService-Info.plist"; path = "../../../Downloads/GoogleService-Info.plist"; sourceTree = "<group>"; };
		DD6D59BB233F04A500DA70C3 /* GoogleService-Info.plist */ = {isa = PBXFileReference; fileEncoding = 4; lastKnownFileType = text.plist.xml; path = "GoogleService-Info.plist"; sourceTree = "<group>"; };
		DD6D59BD233F263200DA70C3 /* OptMeals.swift */ = {isa = PBXFileReference; lastKnownFileType = sourcecode.swift; path = OptMeals.swift; sourceTree = "<group>"; };
		DD6D59C0233F2A8700DA70C3 /* OptDrinks.swift */ = {isa = PBXFileReference; lastKnownFileType = sourcecode.swift; path = OptDrinks.swift; sourceTree = "<group>"; };
		DD9744312335DCB5004E491F /* RegisterViewController.swift */ = {isa = PBXFileReference; lastKnownFileType = sourcecode.swift; path = RegisterViewController.swift; sourceTree = "<group>"; };
		DD9744332335E128004E491F /* SuccessViewController.swift */ = {isa = PBXFileReference; lastKnownFileType = sourcecode.swift; path = SuccessViewController.swift; sourceTree = "<group>"; };
		DDDACFD7232CCE1100AA5E10 /* orderjer.app */ = {isa = PBXFileReference; explicitFileType = wrapper.application; includeInIndex = 0; path = orderjer.app; sourceTree = BUILT_PRODUCTS_DIR; };
		DDDACFDA232CCE1100AA5E10 /* AppDelegate.swift */ = {isa = PBXFileReference; lastKnownFileType = sourcecode.swift; path = AppDelegate.swift; sourceTree = "<group>"; };
		DDDACFDC232CCE1100AA5E10 /* ViewController.swift */ = {isa = PBXFileReference; lastKnownFileType = sourcecode.swift; path = ViewController.swift; sourceTree = "<group>"; };
		DDDACFDF232CCE1100AA5E10 /* Base */ = {isa = PBXFileReference; lastKnownFileType = file.storyboard; name = Base; path = Base.lproj/Main.storyboard; sourceTree = "<group>"; };
		DDDACFE1232CCE1300AA5E10 /* Assets.xcassets */ = {isa = PBXFileReference; lastKnownFileType = folder.assetcatalog; path = Assets.xcassets; sourceTree = "<group>"; };
		DDDACFE4232CCE1300AA5E10 /* Base */ = {isa = PBXFileReference; lastKnownFileType = file.storyboard; name = Base; path = Base.lproj/LaunchScreen.storyboard; sourceTree = "<group>"; };
		DDDACFE6232CCE1300AA5E10 /* Info.plist */ = {isa = PBXFileReference; lastKnownFileType = text.plist.xml; path = Info.plist; sourceTree = "<group>"; };
		DDDACFEB232CCE1300AA5E10 /* orderjerTests.xctest */ = {isa = PBXFileReference; explicitFileType = wrapper.cfbundle; includeInIndex = 0; path = orderjerTests.xctest; sourceTree = BUILT_PRODUCTS_DIR; };
		DDDACFEF232CCE1300AA5E10 /* orderjerTests.swift */ = {isa = PBXFileReference; lastKnownFileType = sourcecode.swift; path = orderjerTests.swift; sourceTree = "<group>"; };
		DDDACFF1232CCE1300AA5E10 /* Info.plist */ = {isa = PBXFileReference; lastKnownFileType = text.plist.xml; path = Info.plist; sourceTree = "<group>"; };
		DDDACFF6232CCE1300AA5E10 /* orderjerUITests.xctest */ = {isa = PBXFileReference; explicitFileType = wrapper.cfbundle; includeInIndex = 0; path = orderjerUITests.xctest; sourceTree = BUILT_PRODUCTS_DIR; };
		DDDACFFA232CCE1300AA5E10 /* orderjerUITests.swift */ = {isa = PBXFileReference; lastKnownFileType = sourcecode.swift; path = orderjerUITests.swift; sourceTree = "<group>"; };
		DDDACFFC232CCE1300AA5E10 /* Info.plist */ = {isa = PBXFileReference; lastKnownFileType = text.plist.xml; path = Info.plist; sourceTree = "<group>"; };
		E31499BA5216DF0CAE2CBBEE /* Pods_orderjerTests.framework */ = {isa = PBXFileReference; explicitFileType = wrapper.framework; includeInIndex = 0; path = Pods_orderjerTests.framework; sourceTree = BUILT_PRODUCTS_DIR; };
/* End PBXFileReference section */

/* Begin PBXFrameworksBuildPhase section */
		DDDACFD4232CCE1100AA5E10 /* Frameworks */ = {
			isa = PBXFrameworksBuildPhase;
			buildActionMask = 2147483647;
			files = (
				0EC887B1C558B23F600E912F /* Pods_orderjer.framework in Frameworks */,
			);
			runOnlyForDeploymentPostprocessing = 0;
		};
		DDDACFE8232CCE1300AA5E10 /* Frameworks */ = {
			isa = PBXFrameworksBuildPhase;
			buildActionMask = 2147483647;
			files = (
				C208917D4A4A17698A8818EF /* Pods_orderjerTests.framework in Frameworks */,
			);
			runOnlyForDeploymentPostprocessing = 0;
		};
		DDDACFF3232CCE1300AA5E10 /* Frameworks */ = {
			isa = PBXFrameworksBuildPhase;
			buildActionMask = 2147483647;
			files = (
				F5D0BA8BF98E8638C204252F /* Pods_orderjerUITests.framework in Frameworks */,
			);
			runOnlyForDeploymentPostprocessing = 0;
		};
/* End PBXFrameworksBuildPhase section */

/* Begin PBXGroup section */
		4E5000EC2341BC95004D4AB0 /* homePage */ = {
			isa = PBXGroup;
			children = (
				4E0EB3872330D03700FCEF10 /* CollectionViewCell.swift */,
				4EEF50E22330EAA00036B6EF /* ShopsCollectionViewCell.swift */,
				DDDACFDC232CCE1100AA5E10 /* ViewController.swift */,
			);
			path = homePage;
			sourceTree = "<group>";
		};
		4E5000ED2341BCBD004D4AB0 /* Extension */ = {
			isa = PBXGroup;
			children = (
				4E79EAA723323FB0009505BD /* ImageViewExtension.swift */,
				4E0EB3852330C97D00FCEF10 /* TextFieldExtensions.swift */,
			);
			path = Extension;
			sourceTree = "<group>";
		};
		4EE5F184233B20AF00101FD8 /* menuListingPage */ = {
			isa = PBXGroup;
			children = (
				4EB7219B233317990002AB65 /* MealTableViewCell.swift */,
				4EE18CBC2331CF6300B8F211 /* MenuViewController.swift */,
			);
			path = menuListingPage;
			sourceTree = "<group>";
		};
		4EE5F187233B21A100101FD8 /* orderSummaryPage */ = {
			isa = PBXGroup;
			children = (
				4E93E0612334AB3200C7A818 /* OrderSummaryViewController.swift */,
				4EE5F181233B1DAF00101FD8 /* OrderSummaryTableViewCell.swift */,
			);
			path = orderSummaryPage;
			sourceTree = "<group>";
		};
		4EE5F188233B21CD00101FD8 /* loginPage */ = {
			isa = PBXGroup;
			children = (
				4EF2CD512334C26000CFCC56 /* LoginViewController.swift */,
				4EF2CD4F2334C0E100CFCC56 /* LoginModalView.swift */,
			);
			path = loginPage;
			sourceTree = "<group>";
		};
		4EE5F18A233B222400101FD8 /* dataModel */ = {
			isa = PBXGroup;
			children = (
				4EB7219D23331B350002AB65 /* Meal.swift */,
				4E0EB37723307C6100FCEF10 /* System.swift */,
				4EE6D4C1233B3B3C0083E357 /* SelectedMeals.swift */,
				DD6D59B7233F039000DA70C3 /* Shop.swift */,
				DD6D59BD233F263200DA70C3 /* OptMeals.swift */,
				DD6D59C0233F2A8700DA70C3 /* OptDrinks.swift */,
			);
			path = dataModel;
			sourceTree = "<group>";
		};
		4EF3FCE62346F64200E45354 /* searchPage */ = {
			isa = PBXGroup;
			children = (
				4EF3FCE92346FCC600E45354 /* SearchTableViewCell.swift */,
				4EF0851A233CA7B300E8CE09 /* SearchViewController.swift */,
			);
			path = searchPage;
			sourceTree = "<group>";
		};
		BBB5F4F817A09F374B9446F1 /* Pods */ = {
			isa = PBXGroup;
			children = (
				51B0957FD096FA3D743C16F2 /* Pods-orderjer.debug.xcconfig */,
				16F1C9371E5FC466E2C4C895 /* Pods-orderjer.release.xcconfig */,
				886F2DA7E942E1E3FFC4462C /* Pods-orderjerTests.debug.xcconfig */,
				8C8ACF381BCCBA0B53312A41 /* Pods-orderjerTests.release.xcconfig */,
				6CE20A292C6B9514CFEE0F9E /* Pods-orderjerUITests.debug.xcconfig */,
				ABB9349BB4AAB4AA57330A05 /* Pods-orderjerUITests.release.xcconfig */,
			);
			path = Pods;
			sourceTree = "<group>";
		};
		DD6D59BF233F2A3A00DA70C3 /* mealOptPage */ = {
			isa = PBXGroup;
			children = (
				4E6A9476233489DA00017E3C /* MealOptionsTableViewCell.swift */,
				4ED717AA233362F400387731 /* MealViewController.swift */,
			);
			path = mealOptPage;
			sourceTree = "<group>";
		};
		DDDACFCE232CCE1100AA5E10 = {
			isa = PBXGroup;
			children = (
				DDDACFD9232CCE1100AA5E10 /* orderjer */,
				DDDACFEE232CCE1300AA5E10 /* orderjerTests */,
				DDDACFF9232CCE1300AA5E10 /* orderjerUITests */,
				DDDACFD8232CCE1100AA5E10 /* Products */,
				BBB5F4F817A09F374B9446F1 /* Pods */,
				F1F1F9EA3B5D2A7470804438 /* Frameworks */,
			);
			sourceTree = "<group>";
		};
		DDDACFD8232CCE1100AA5E10 /* Products */ = {
			isa = PBXGroup;
			children = (
				DDDACFD7232CCE1100AA5E10 /* orderjer.app */,
				DDDACFEB232CCE1300AA5E10 /* orderjerTests.xctest */,
				DDDACFF6232CCE1300AA5E10 /* orderjerUITests.xctest */,
			);
			name = Products;
			sourceTree = "<group>";
		};
		DDDACFD9232CCE1100AA5E10 /* orderjer */ = {
			isa = PBXGroup;
			children = (
				4EEF632423432CE8008FF2B2 /* data.json */,
				DD6D59BB233F04A500DA70C3 /* GoogleService-Info.plist */,
				DDDACFDE232CCE1100AA5E10 /* Main.storyboard */,
				DDDACFE6232CCE1300AA5E10 /* Info.plist */,
				DDDACFE1232CCE1300AA5E10 /* Assets.xcassets */,
				DDDACFDA232CCE1100AA5E10 /* AppDelegate.swift */,
				DDDACFE3232CCE1300AA5E10 /* LaunchScreen.storyboard */,
				DD9744312335DCB5004E491F /* RegisterViewController.swift */,
				DD9744332335E128004E491F /* SuccessViewController.swift */,
				4EF3FCE62346F64200E45354 /* searchPage */,
				4E5000ED2341BCBD004D4AB0 /* Extension */,
				4E5000EC2341BC95004D4AB0 /* homePage */,
				DD6D59BF233F2A3A00DA70C3 /* mealOptPage */,
				4EE5F188233B21CD00101FD8 /* loginPage */,
				4EE5F18A233B222400101FD8 /* dataModel */,
				4EE5F184233B20AF00101FD8 /* menuListingPage */,
				4EE5F187233B21A100101FD8 /* orderSummaryPage */,
			);
			path = orderjer;
			sourceTree = "<group>";
		};
		DDDACFEE232CCE1300AA5E10 /* orderjerTests */ = {
			isa = PBXGroup;
			children = (
				DDDACFEF232CCE1300AA5E10 /* orderjerTests.swift */,
				DDDACFF1232CCE1300AA5E10 /* Info.plist */,
			);
			path = orderjerTests;
			sourceTree = "<group>";
		};
		DDDACFF9232CCE1300AA5E10 /* orderjerUITests */ = {
			isa = PBXGroup;
			children = (
				DDDACFFA232CCE1300AA5E10 /* orderjerUITests.swift */,
				DDDACFFC232CCE1300AA5E10 /* Info.plist */,
			);
			path = orderjerUITests;
			sourceTree = "<group>";
		};
		F1F1F9EA3B5D2A7470804438 /* Frameworks */ = {
			isa = PBXGroup;
			children = (
				DD6D59B9233F048000DA70C3 /* GoogleService-Info.plist */,
				C039A02C23375250005680C3 /* NVActivityIndicatorView */,
				DC52DFDBCA3E21EA769E12E6 /* Pods_orderjer.framework */,
				E31499BA5216DF0CAE2CBBEE /* Pods_orderjerTests.framework */,
				0847EB7A5FEFD4F6CA60E64D /* Pods_orderjerUITests.framework */,
			);
			name = Frameworks;
			sourceTree = "<group>";
		};
/* End PBXGroup section */

/* Begin PBXNativeTarget section */
		DDDACFD6232CCE1100AA5E10 /* orderjer */ = {
			isa = PBXNativeTarget;
			buildConfigurationList = DDDACFFF232CCE1300AA5E10 /* Build configuration list for PBXNativeTarget "orderjer" */;
			buildPhases = (
				E500D0EF54A722BE0C01D6D1 /* [CP] Check Pods Manifest.lock */,
				DDDACFD3232CCE1100AA5E10 /* Sources */,
				DDDACFD4232CCE1100AA5E10 /* Frameworks */,
				DDDACFD5232CCE1100AA5E10 /* Resources */,
				28C732BA01941E7550C4CD65 /* [CP] Embed Pods Frameworks */,
			);
			buildRules = (
			);
			dependencies = (
			);
			name = orderjer;
			productName = orderjer;
			productReference = DDDACFD7232CCE1100AA5E10 /* orderjer.app */;
			productType = "com.apple.product-type.application";
		};
		DDDACFEA232CCE1300AA5E10 /* orderjerTests */ = {
			isa = PBXNativeTarget;
			buildConfigurationList = DDDAD002232CCE1300AA5E10 /* Build configuration list for PBXNativeTarget "orderjerTests" */;
			buildPhases = (
				0AE897FB66DA0AE7B6A48167 /* [CP] Check Pods Manifest.lock */,
				DDDACFE7232CCE1300AA5E10 /* Sources */,
				DDDACFE8232CCE1300AA5E10 /* Frameworks */,
				DDDACFE9232CCE1300AA5E10 /* Resources */,
			);
			buildRules = (
			);
			dependencies = (
				DDDACFED232CCE1300AA5E10 /* PBXTargetDependency */,
			);
			name = orderjerTests;
			productName = orderjerTests;
			productReference = DDDACFEB232CCE1300AA5E10 /* orderjerTests.xctest */;
			productType = "com.apple.product-type.bundle.unit-test";
		};
		DDDACFF5232CCE1300AA5E10 /* orderjerUITests */ = {
			isa = PBXNativeTarget;
			buildConfigurationList = DDDAD005232CCE1300AA5E10 /* Build configuration list for PBXNativeTarget "orderjerUITests" */;
			buildPhases = (
				03ECA8A3AA34BEB83CCF1111 /* [CP] Check Pods Manifest.lock */,
				DDDACFF2232CCE1300AA5E10 /* Sources */,
				DDDACFF3232CCE1300AA5E10 /* Frameworks */,
				DDDACFF4232CCE1300AA5E10 /* Resources */,
			);
			buildRules = (
			);
			dependencies = (
				DDDACFF8232CCE1300AA5E10 /* PBXTargetDependency */,
			);
			name = orderjerUITests;
			productName = orderjerUITests;
			productReference = DDDACFF6232CCE1300AA5E10 /* orderjerUITests.xctest */;
			productType = "com.apple.product-type.bundle.ui-testing";
		};
/* End PBXNativeTarget section */

/* Begin PBXProject section */
		DDDACFCF232CCE1100AA5E10 /* Project object */ = {
			isa = PBXProject;
			attributes = {
				LastSwiftUpdateCheck = 1030;
				LastUpgradeCheck = 1030;
				ORGANIZATIONNAME = Izzaty;
				TargetAttributes = {
					DDDACFD6232CCE1100AA5E10 = {
						CreatedOnToolsVersion = 10.3;
					};
					DDDACFEA232CCE1300AA5E10 = {
						CreatedOnToolsVersion = 10.3;
						TestTargetID = DDDACFD6232CCE1100AA5E10;
					};
					DDDACFF5232CCE1300AA5E10 = {
						CreatedOnToolsVersion = 10.3;
						TestTargetID = DDDACFD6232CCE1100AA5E10;
					};
				};
			};
			buildConfigurationList = DDDACFD2232CCE1100AA5E10 /* Build configuration list for PBXProject "orderjer" */;
			compatibilityVersion = "Xcode 9.3";
			developmentRegion = en;
			hasScannedForEncodings = 0;
			knownRegions = (
				en,
				Base,
			);
			mainGroup = DDDACFCE232CCE1100AA5E10;
			productRefGroup = DDDACFD8232CCE1100AA5E10 /* Products */;
			projectDirPath = "";
			projectRoot = "";
			targets = (
				DDDACFD6232CCE1100AA5E10 /* orderjer */,
				DDDACFEA232CCE1300AA5E10 /* orderjerTests */,
				DDDACFF5232CCE1300AA5E10 /* orderjerUITests */,
			);
		};
/* End PBXProject section */

/* Begin PBXResourcesBuildPhase section */
		DDDACFD5232CCE1100AA5E10 /* Resources */ = {
			isa = PBXResourcesBuildPhase;
			buildActionMask = 2147483647;
			files = (
				DDDACFE5232CCE1300AA5E10 /* LaunchScreen.storyboard in Resources */,
				DD6D59BC233F04A500DA70C3 /* GoogleService-Info.plist in Resources */,
				DDDACFE2232CCE1300AA5E10 /* Assets.xcassets in Resources */,
				4EEF632523432CE8008FF2B2 /* data.json in Resources */,
				DDDACFE0232CCE1100AA5E10 /* Main.storyboard in Resources */,
			);
			runOnlyForDeploymentPostprocessing = 0;
		};
		DDDACFE9232CCE1300AA5E10 /* Resources */ = {
			isa = PBXResourcesBuildPhase;
			buildActionMask = 2147483647;
			files = (
			);
			runOnlyForDeploymentPostprocessing = 0;
		};
		DDDACFF4232CCE1300AA5E10 /* Resources */ = {
			isa = PBXResourcesBuildPhase;
			buildActionMask = 2147483647;
			files = (
			);
			runOnlyForDeploymentPostprocessing = 0;
		};
/* End PBXResourcesBuildPhase section */

/* Begin PBXShellScriptBuildPhase section */
		03ECA8A3AA34BEB83CCF1111 /* [CP] Check Pods Manifest.lock */ = {
			isa = PBXShellScriptBuildPhase;
			buildActionMask = 2147483647;
			files = (
			);
			inputFileListPaths = (
			);
			inputPaths = (
				"${PODS_PODFILE_DIR_PATH}/Podfile.lock",
				"${PODS_ROOT}/Manifest.lock",
			);
			name = "[CP] Check Pods Manifest.lock";
			outputFileListPaths = (
			);
			outputPaths = (
				"$(DERIVED_FILE_DIR)/Pods-orderjerUITests-checkManifestLockResult.txt",
			);
			runOnlyForDeploymentPostprocessing = 0;
			shellPath = /bin/sh;
			shellScript = "diff \"${PODS_PODFILE_DIR_PATH}/Podfile.lock\" \"${PODS_ROOT}/Manifest.lock\" > /dev/null\nif [ $? != 0 ] ; then\n    # print error to STDERR\n    echo \"error: The sandbox is not in sync with the Podfile.lock. Run 'pod install' or update your CocoaPods installation.\" >&2\n    exit 1\nfi\n# This output is used by Xcode 'outputs' to avoid re-running this script phase.\necho \"SUCCESS\" > \"${SCRIPT_OUTPUT_FILE_0}\"\n";
			showEnvVarsInLog = 0;
		};
		0AE897FB66DA0AE7B6A48167 /* [CP] Check Pods Manifest.lock */ = {
			isa = PBXShellScriptBuildPhase;
			buildActionMask = 2147483647;
			files = (
			);
			inputFileListPaths = (
			);
			inputPaths = (
				"${PODS_PODFILE_DIR_PATH}/Podfile.lock",
				"${PODS_ROOT}/Manifest.lock",
			);
			name = "[CP] Check Pods Manifest.lock";
			outputFileListPaths = (
			);
			outputPaths = (
				"$(DERIVED_FILE_DIR)/Pods-orderjerTests-checkManifestLockResult.txt",
			);
			runOnlyForDeploymentPostprocessing = 0;
			shellPath = /bin/sh;
			shellScript = "diff \"${PODS_PODFILE_DIR_PATH}/Podfile.lock\" \"${PODS_ROOT}/Manifest.lock\" > /dev/null\nif [ $? != 0 ] ; then\n    # print error to STDERR\n    echo \"error: The sandbox is not in sync with the Podfile.lock. Run 'pod install' or update your CocoaPods installation.\" >&2\n    exit 1\nfi\n# This output is used by Xcode 'outputs' to avoid re-running this script phase.\necho \"SUCCESS\" > \"${SCRIPT_OUTPUT_FILE_0}\"\n";
			showEnvVarsInLog = 0;
		};
		28C732BA01941E7550C4CD65 /* [CP] Embed Pods Frameworks */ = {
			isa = PBXShellScriptBuildPhase;
			buildActionMask = 2147483647;
			files = (
			);
			inputFileListPaths = (
				"${PODS_ROOT}/Target Support Files/Pods-orderjer/Pods-orderjer-frameworks-${CONFIGURATION}-input-files.xcfilelist",
			);
			name = "[CP] Embed Pods Frameworks";
			outputFileListPaths = (
				"${PODS_ROOT}/Target Support Files/Pods-orderjer/Pods-orderjer-frameworks-${CONFIGURATION}-output-files.xcfilelist",
			);
			runOnlyForDeploymentPostprocessing = 0;
			shellPath = /bin/sh;
			shellScript = "\"${PODS_ROOT}/Target Support Files/Pods-orderjer/Pods-orderjer-frameworks.sh\"\n";
			showEnvVarsInLog = 0;
		};
		E500D0EF54A722BE0C01D6D1 /* [CP] Check Pods Manifest.lock */ = {
			isa = PBXShellScriptBuildPhase;
			buildActionMask = 2147483647;
			files = (
			);
			inputFileListPaths = (
			);
			inputPaths = (
				"${PODS_PODFILE_DIR_PATH}/Podfile.lock",
				"${PODS_ROOT}/Manifest.lock",
			);
			name = "[CP] Check Pods Manifest.lock";
			outputFileListPaths = (
			);
			outputPaths = (
				"$(DERIVED_FILE_DIR)/Pods-orderjer-checkManifestLockResult.txt",
			);
			runOnlyForDeploymentPostprocessing = 0;
			shellPath = /bin/sh;
			shellScript = "diff \"${PODS_PODFILE_DIR_PATH}/Podfile.lock\" \"${PODS_ROOT}/Manifest.lock\" > /dev/null\nif [ $? != 0 ] ; then\n    # print error to STDERR\n    echo \"error: The sandbox is not in sync with the Podfile.lock. Run 'pod install' or update your CocoaPods installation.\" >&2\n    exit 1\nfi\n# This output is used by Xcode 'outputs' to avoid re-running this script phase.\necho \"SUCCESS\" > \"${SCRIPT_OUTPUT_FILE_0}\"\n";
			showEnvVarsInLog = 0;
		};
/* End PBXShellScriptBuildPhase section */

/* Begin PBXSourcesBuildPhase section */
		DDDACFD3232CCE1100AA5E10 /* Sources */ = {
			isa = PBXSourcesBuildPhase;
			buildActionMask = 2147483647;
			files = (
				DD6D59BE233F263200DA70C3 /* OptMeals.swift in Sources */,
				DD6D59C1233F2A8700DA70C3 /* OptDrinks.swift in Sources */,
				4EB7219E23331B350002AB65 /* Meal.swift in Sources */,
				DDDACFDD232CCE1100AA5E10 /* ViewController.swift in Sources */,
				4E79EAA823323FB0009505BD /* ImageViewExtension.swift in Sources */,
				4EF2CD522334C26000CFCC56 /* LoginViewController.swift in Sources */,
				4E93E0622334AB3200C7A818 /* OrderSummaryViewController.swift in Sources */,
				4EE5F182233B1DAF00101FD8 /* OrderSummaryTableViewCell.swift in Sources */,
				4E0EB3862330C97D00FCEF10 /* TextFieldExtensions.swift in Sources */,
				4EEF50E32330EAA00036B6EF /* ShopsCollectionViewCell.swift in Sources */,
				4EE18CBD2331CF6300B8F211 /* MenuViewController.swift in Sources */,
				4EB7219C233317990002AB65 /* MealTableViewCell.swift in Sources */,
				4EF0851B233CA7B300E8CE09 /* SearchViewController.swift in Sources */,
				DD9744342335E128004E491F /* SuccessViewController.swift in Sources */,
				4E0EB3882330D03700FCEF10 /* CollectionViewCell.swift in Sources */,
				4EE6D4C2233B3B3C0083E357 /* SelectedMeals.swift in Sources */,
				4E0EB37823307C6100FCEF10 /* System.swift in Sources */,
				DD9744322335DCB5004E491F /* RegisterViewController.swift in Sources */,
				4EF2CD502334C0E100CFCC56 /* LoginModalView.swift in Sources */,
				4ED717AB233362F400387731 /* MealViewController.swift in Sources */,
				DD6D59B8233F039000DA70C3 /* Shop.swift in Sources */,
				4EF3FCEA2346FCC600E45354 /* SearchTableViewCell.swift in Sources */,
				DDDACFDB232CCE1100AA5E10 /* AppDelegate.swift in Sources */,
				4E6A9477233489DA00017E3C /* MealOptionsTableViewCell.swift in Sources */,
			);
			runOnlyForDeploymentPostprocessing = 0;
		};
		DDDACFE7232CCE1300AA5E10 /* Sources */ = {
			isa = PBXSourcesBuildPhase;
			buildActionMask = 2147483647;
			files = (
				DDDACFF0232CCE1300AA5E10 /* orderjerTests.swift in Sources */,
			);
			runOnlyForDeploymentPostprocessing = 0;
		};
		DDDACFF2232CCE1300AA5E10 /* Sources */ = {
			isa = PBXSourcesBuildPhase;
			buildActionMask = 2147483647;
			files = (
				DDDACFFB232CCE1300AA5E10 /* orderjerUITests.swift in Sources */,
			);
			runOnlyForDeploymentPostprocessing = 0;
		};
/* End PBXSourcesBuildPhase section */

/* Begin PBXTargetDependency section */
		DDDACFED232CCE1300AA5E10 /* PBXTargetDependency */ = {
			isa = PBXTargetDependency;
			target = DDDACFD6232CCE1100AA5E10 /* orderjer */;
			targetProxy = DDDACFEC232CCE1300AA5E10 /* PBXContainerItemProxy */;
		};
		DDDACFF8232CCE1300AA5E10 /* PBXTargetDependency */ = {
			isa = PBXTargetDependency;
			target = DDDACFD6232CCE1100AA5E10 /* orderjer */;
			targetProxy = DDDACFF7232CCE1300AA5E10 /* PBXContainerItemProxy */;
		};
/* End PBXTargetDependency section */

/* Begin PBXVariantGroup section */
		DDDACFDE232CCE1100AA5E10 /* Main.storyboard */ = {
			isa = PBXVariantGroup;
			children = (
				DDDACFDF232CCE1100AA5E10 /* Base */,
			);
			name = Main.storyboard;
			sourceTree = "<group>";
		};
		DDDACFE3232CCE1300AA5E10 /* LaunchScreen.storyboard */ = {
			isa = PBXVariantGroup;
			children = (
				DDDACFE4232CCE1300AA5E10 /* Base */,
			);
			name = LaunchScreen.storyboard;
			sourceTree = "<group>";
		};
/* End PBXVariantGroup section */

/* Begin XCBuildConfiguration section */
		DDDACFFD232CCE1300AA5E10 /* Debug */ = {
			isa = XCBuildConfiguration;
			buildSettings = {
				ALWAYS_SEARCH_USER_PATHS = NO;
				CLANG_ANALYZER_NONNULL = YES;
				CLANG_ANALYZER_NUMBER_OBJECT_CONVERSION = YES_AGGRESSIVE;
				CLANG_CXX_LANGUAGE_STANDARD = "gnu++14";
				CLANG_CXX_LIBRARY = "libc++";
				CLANG_ENABLE_MODULES = YES;
				CLANG_ENABLE_OBJC_ARC = YES;
				CLANG_ENABLE_OBJC_WEAK = YES;
				CLANG_WARN_BLOCK_CAPTURE_AUTORELEASING = YES;
				CLANG_WARN_BOOL_CONVERSION = YES;
				CLANG_WARN_COMMA = YES;
				CLANG_WARN_CONSTANT_CONVERSION = YES;
				CLANG_WARN_DEPRECATED_OBJC_IMPLEMENTATIONS = YES;
				CLANG_WARN_DIRECT_OBJC_ISA_USAGE = YES_ERROR;
				CLANG_WARN_DOCUMENTATION_COMMENTS = YES;
				CLANG_WARN_EMPTY_BODY = YES;
				CLANG_WARN_ENUM_CONVERSION = YES;
				CLANG_WARN_INFINITE_RECURSION = YES;
				CLANG_WARN_INT_CONVERSION = YES;
				CLANG_WARN_NON_LITERAL_NULL_CONVERSION = YES;
				CLANG_WARN_OBJC_IMPLICIT_RETAIN_SELF = YES;
				CLANG_WARN_OBJC_LITERAL_CONVERSION = YES;
				CLANG_WARN_OBJC_ROOT_CLASS = YES_ERROR;
				CLANG_WARN_RANGE_LOOP_ANALYSIS = YES;
				CLANG_WARN_STRICT_PROTOTYPES = YES;
				CLANG_WARN_SUSPICIOUS_MOVE = YES;
				CLANG_WARN_UNGUARDED_AVAILABILITY = YES_AGGRESSIVE;
				CLANG_WARN_UNREACHABLE_CODE = YES;
				CLANG_WARN__DUPLICATE_METHOD_MATCH = YES;
				CODE_SIGN_IDENTITY = "iPhone Developer";
				COPY_PHASE_STRIP = NO;
				DEBUG_INFORMATION_FORMAT = dwarf;
				ENABLE_STRICT_OBJC_MSGSEND = YES;
				ENABLE_TESTABILITY = YES;
				GCC_C_LANGUAGE_STANDARD = gnu11;
				GCC_DYNAMIC_NO_PIC = NO;
				GCC_NO_COMMON_BLOCKS = YES;
				GCC_OPTIMIZATION_LEVEL = 0;
				GCC_PREPROCESSOR_DEFINITIONS = (
					"DEBUG=1",
					"$(inherited)",
				);
				GCC_WARN_64_TO_32_BIT_CONVERSION = YES;
				GCC_WARN_ABOUT_RETURN_TYPE = YES_ERROR;
				GCC_WARN_UNDECLARED_SELECTOR = YES;
				GCC_WARN_UNINITIALIZED_AUTOS = YES_AGGRESSIVE;
				GCC_WARN_UNUSED_FUNCTION = YES;
				GCC_WARN_UNUSED_VARIABLE = YES;
				IPHONEOS_DEPLOYMENT_TARGET = 12.4;
				MTL_ENABLE_DEBUG_INFO = INCLUDE_SOURCE;
				MTL_FAST_MATH = YES;
				ONLY_ACTIVE_ARCH = YES;
				SDKROOT = iphoneos;
				SWIFT_ACTIVE_COMPILATION_CONDITIONS = DEBUG;
				SWIFT_OPTIMIZATION_LEVEL = "-Onone";
			};
			name = Debug;
		};
		DDDACFFE232CCE1300AA5E10 /* Release */ = {
			isa = XCBuildConfiguration;
			buildSettings = {
				ALWAYS_SEARCH_USER_PATHS = NO;
				CLANG_ANALYZER_NONNULL = YES;
				CLANG_ANALYZER_NUMBER_OBJECT_CONVERSION = YES_AGGRESSIVE;
				CLANG_CXX_LANGUAGE_STANDARD = "gnu++14";
				CLANG_CXX_LIBRARY = "libc++";
				CLANG_ENABLE_MODULES = YES;
				CLANG_ENABLE_OBJC_ARC = YES;
				CLANG_ENABLE_OBJC_WEAK = YES;
				CLANG_WARN_BLOCK_CAPTURE_AUTORELEASING = YES;
				CLANG_WARN_BOOL_CONVERSION = YES;
				CLANG_WARN_COMMA = YES;
				CLANG_WARN_CONSTANT_CONVERSION = YES;
				CLANG_WARN_DEPRECATED_OBJC_IMPLEMENTATIONS = YES;
				CLANG_WARN_DIRECT_OBJC_ISA_USAGE = YES_ERROR;
				CLANG_WARN_DOCUMENTATION_COMMENTS = YES;
				CLANG_WARN_EMPTY_BODY = YES;
				CLANG_WARN_ENUM_CONVERSION = YES;
				CLANG_WARN_INFINITE_RECURSION = YES;
				CLANG_WARN_INT_CONVERSION = YES;
				CLANG_WARN_NON_LITERAL_NULL_CONVERSION = YES;
				CLANG_WARN_OBJC_IMPLICIT_RETAIN_SELF = YES;
				CLANG_WARN_OBJC_LITERAL_CONVERSION = YES;
				CLANG_WARN_OBJC_ROOT_CLASS = YES_ERROR;
				CLANG_WARN_RANGE_LOOP_ANALYSIS = YES;
				CLANG_WARN_STRICT_PROTOTYPES = YES;
				CLANG_WARN_SUSPICIOUS_MOVE = YES;
				CLANG_WARN_UNGUARDED_AVAILABILITY = YES_AGGRESSIVE;
				CLANG_WARN_UNREACHABLE_CODE = YES;
				CLANG_WARN__DUPLICATE_METHOD_MATCH = YES;
				CODE_SIGN_IDENTITY = "iPhone Developer";
				COPY_PHASE_STRIP = NO;
				DEBUG_INFORMATION_FORMAT = "dwarf-with-dsym";
				ENABLE_NS_ASSERTIONS = NO;
				ENABLE_STRICT_OBJC_MSGSEND = YES;
				GCC_C_LANGUAGE_STANDARD = gnu11;
				GCC_NO_COMMON_BLOCKS = YES;
				GCC_WARN_64_TO_32_BIT_CONVERSION = YES;
				GCC_WARN_ABOUT_RETURN_TYPE = YES_ERROR;
				GCC_WARN_UNDECLARED_SELECTOR = YES;
				GCC_WARN_UNINITIALIZED_AUTOS = YES_AGGRESSIVE;
				GCC_WARN_UNUSED_FUNCTION = YES;
				GCC_WARN_UNUSED_VARIABLE = YES;
				IPHONEOS_DEPLOYMENT_TARGET = 12.4;
				MTL_ENABLE_DEBUG_INFO = NO;
				MTL_FAST_MATH = YES;
				SDKROOT = iphoneos;
				SWIFT_COMPILATION_MODE = wholemodule;
				SWIFT_OPTIMIZATION_LEVEL = "-O";
				VALIDATE_PRODUCT = YES;
			};
			name = Release;
		};
		DDDAD000232CCE1300AA5E10 /* Debug */ = {
			isa = XCBuildConfiguration;
			baseConfigurationReference = 51B0957FD096FA3D743C16F2 /* Pods-orderjer.debug.xcconfig */;
			buildSettings = {
				ASSETCATALOG_COMPILER_APPICON_NAME = AppIcon;
				CODE_SIGN_STYLE = Automatic;
				DEVELOPMENT_TEAM = NWZKBN654V;
				INFOPLIST_FILE = orderjer/Info.plist;
				IPHONEOS_DEPLOYMENT_TARGET = 12.0;
				LD_RUNPATH_SEARCH_PATHS = (
					"$(inherited)",
					"@executable_path/Frameworks",
				);
				PRODUCT_BUNDLE_IDENTIFIER = com.izzad.orderjer;
				PRODUCT_NAME = "$(TARGET_NAME)";
				SWIFT_VERSION = 5.0;
				TARGETED_DEVICE_FAMILY = "1,2";
			};
			name = Debug;
		};
		DDDAD001232CCE1300AA5E10 /* Release */ = {
			isa = XCBuildConfiguration;
			baseConfigurationReference = 16F1C9371E5FC466E2C4C895 /* Pods-orderjer.release.xcconfig */;
			buildSettings = {
				ASSETCATALOG_COMPILER_APPICON_NAME = AppIcon;
				CODE_SIGN_STYLE = Automatic;
				DEVELOPMENT_TEAM = NWZKBN654V;
				INFOPLIST_FILE = orderjer/Info.plist;
				IPHONEOS_DEPLOYMENT_TARGET = 12.0;
				LD_RUNPATH_SEARCH_PATHS = (
					"$(inherited)",
					"@executable_path/Frameworks",
				);
				PRODUCT_BUNDLE_IDENTIFIER = com.izzad.orderjer;
				PRODUCT_NAME = "$(TARGET_NAME)";
				SWIFT_VERSION = 5.0;
				TARGETED_DEVICE_FAMILY = "1,2";
			};
			name = Release;
		};
		DDDAD003232CCE1300AA5E10 /* Debug */ = {
			isa = XCBuildConfiguration;
			baseConfigurationReference = 886F2DA7E942E1E3FFC4462C /* Pods-orderjerTests.debug.xcconfig */;
			buildSettings = {
				ALWAYS_EMBED_SWIFT_STANDARD_LIBRARIES = YES;
				BUNDLE_LOADER = "$(TEST_HOST)";
				CODE_SIGN_STYLE = Automatic;
				DEVELOPMENT_TEAM = BM49YCPZNA;
				INFOPLIST_FILE = orderjerTests/Info.plist;
				LD_RUNPATH_SEARCH_PATHS = (
					"$(inherited)",
					"@executable_path/Frameworks",
					"@loader_path/Frameworks",
				);
				PRODUCT_BUNDLE_IDENTIFIER = com.zaty.orderjerTests;
				PRODUCT_NAME = "$(TARGET_NAME)";
				SWIFT_VERSION = 5.0;
				TARGETED_DEVICE_FAMILY = "1,2";
				TEST_HOST = "$(BUILT_PRODUCTS_DIR)/orderjer.app/orderjer";
			};
			name = Debug;
		};
		DDDAD004232CCE1300AA5E10 /* Release */ = {
			isa = XCBuildConfiguration;
			baseConfigurationReference = 8C8ACF381BCCBA0B53312A41 /* Pods-orderjerTests.release.xcconfig */;
			buildSettings = {
				ALWAYS_EMBED_SWIFT_STANDARD_LIBRARIES = YES;
				BUNDLE_LOADER = "$(TEST_HOST)";
				CODE_SIGN_STYLE = Automatic;
				DEVELOPMENT_TEAM = BM49YCPZNA;
				INFOPLIST_FILE = orderjerTests/Info.plist;
				LD_RUNPATH_SEARCH_PATHS = (
					"$(inherited)",
					"@executable_path/Frameworks",
					"@loader_path/Frameworks",
				);
				PRODUCT_BUNDLE_IDENTIFIER = com.zaty.orderjerTests;
				PRODUCT_NAME = "$(TARGET_NAME)";
				SWIFT_VERSION = 5.0;
				TARGETED_DEVICE_FAMILY = "1,2";
				TEST_HOST = "$(BUILT_PRODUCTS_DIR)/orderjer.app/orderjer";
			};
			name = Release;
		};
		DDDAD006232CCE1300AA5E10 /* Debug */ = {
			isa = XCBuildConfiguration;
			baseConfigurationReference = 6CE20A292C6B9514CFEE0F9E /* Pods-orderjerUITests.debug.xcconfig */;
			buildSettings = {
				ALWAYS_EMBED_SWIFT_STANDARD_LIBRARIES = YES;
				CODE_SIGN_STYLE = Automatic;
				DEVELOPMENT_TEAM = BM49YCPZNA;
				INFOPLIST_FILE = orderjerUITests/Info.plist;
				LD_RUNPATH_SEARCH_PATHS = (
					"$(inherited)",
					"@executable_path/Frameworks",
					"@loader_path/Frameworks",
				);
				PRODUCT_BUNDLE_IDENTIFIER = com.zaty.orderjerUITests;
				PRODUCT_NAME = "$(TARGET_NAME)";
				SWIFT_VERSION = 5.0;
				TARGETED_DEVICE_FAMILY = "1,2";
				TEST_TARGET_NAME = orderjer;
			};
			name = Debug;
		};
		DDDAD007232CCE1300AA5E10 /* Release */ = {
			isa = XCBuildConfiguration;
			baseConfigurationReference = ABB9349BB4AAB4AA57330A05 /* Pods-orderjerUITests.release.xcconfig */;
			buildSettings = {
				ALWAYS_EMBED_SWIFT_STANDARD_LIBRARIES = YES;
				CODE_SIGN_STYLE = Automatic;
				DEVELOPMENT_TEAM = BM49YCPZNA;
				INFOPLIST_FILE = orderjerUITests/Info.plist;
				LD_RUNPATH_SEARCH_PATHS = (
					"$(inherited)",
					"@executable_path/Frameworks",
					"@loader_path/Frameworks",
				);
				PRODUCT_BUNDLE_IDENTIFIER = com.zaty.orderjerUITests;
				PRODUCT_NAME = "$(TARGET_NAME)";
				SWIFT_VERSION = 5.0;
				TARGETED_DEVICE_FAMILY = "1,2";
				TEST_TARGET_NAME = orderjer;
			};
			name = Release;
		};
/* End XCBuildConfiguration section */

/* Begin XCConfigurationList section */
		DDDACFD2232CCE1100AA5E10 /* Build configuration list for PBXProject "orderjer" */ = {
			isa = XCConfigurationList;
			buildConfigurations = (
				DDDACFFD232CCE1300AA5E10 /* Debug */,
				DDDACFFE232CCE1300AA5E10 /* Release */,
			);
			defaultConfigurationIsVisible = 0;
			defaultConfigurationName = Release;
		};
		DDDACFFF232CCE1300AA5E10 /* Build configuration list for PBXNativeTarget "orderjer" */ = {
			isa = XCConfigurationList;
			buildConfigurations = (
				DDDAD000232CCE1300AA5E10 /* Debug */,
				DDDAD001232CCE1300AA5E10 /* Release */,
			);
			defaultConfigurationIsVisible = 0;
			defaultConfigurationName = Release;
		};
		DDDAD002232CCE1300AA5E10 /* Build configuration list for PBXNativeTarget "orderjerTests" */ = {
			isa = XCConfigurationList;
			buildConfigurations = (
				DDDAD003232CCE1300AA5E10 /* Debug */,
				DDDAD004232CCE1300AA5E10 /* Release */,
			);
			defaultConfigurationIsVisible = 0;
			defaultConfigurationName = Release;
		};
		DDDAD005232CCE1300AA5E10 /* Build configuration list for PBXNativeTarget "orderjerUITests" */ = {
			isa = XCConfigurationList;
			buildConfigurations = (
				DDDAD006232CCE1300AA5E10 /* Debug */,
				DDDAD007232CCE1300AA5E10 /* Release */,
			);
			defaultConfigurationIsVisible = 0;
			defaultConfigurationName = Release;
		};
/* End XCConfigurationList section */
	};
	rootObject = DDDACFCF232CCE1100AA5E10 /* Project object */;
}
